
Microsoft Visual Studio Solution File, Format Version 12.00
# Visual Studio Version 16
VisualStudioVersion = 16.0.30204.135
MinimumVisualStudioVersion = 10.0.40219.1
Project("{FAE04EC0-301F-11D3-BF4B-00C04F79EFBC}") = "EventApp", "EventApp\EventApp.csproj", "{EE7D5BBA-ECDE-4B7D-AB02-5BB08F30A570}"
EndProject
Global
	GlobalSection(SolutionConfigurationPlatforms) = preSolution
		Debug|Any CPU = Debug|Any CPU
		Release|Any CPU = Release|Any CPU
	EndGlobalSection
	GlobalSection(ProjectConfigurationPlatforms) = postSolution
		{EE7D5BBA-ECDE-4B7D-AB02-5BB08F30A570}.Debug|Any CPU.ActiveCfg = Debug|Any CPU
		{EE7D5BBA-ECDE-4B7D-AB02-5BB08F30A570}.Debug|Any CPU.Build.0 = Debug|Any CPU
		{EE7D5BBA-ECDE-4B7D-AB02-5BB08F30A570}.Release|Any CPU.ActiveCfg = Release|Any CPU
		{EE7D5BBA-ECDE-4B7D-AB02-5BB08F30A570}.Release|Any CPU.Build.0 = Release|Any CPU
	EndGlobalSection
	GlobalSection(SolutionProperties) = preSolution
		HideSolutionNode = FALSE
	EndGlobalSection
	GlobalSection(ExtensibilityGlobals) = postSolution
		SolutionGuid = {FBB764C8-A728-44D6-A23C-64D940EE2791}
	EndGlobalSection
EndGlobal
